
Microsoft Visual Studio Solution File, Format Version 12.00
# Visual Studio Version 17
VisualStudioVersion = 17.9.34902.65
MinimumVisualStudioVersion = 10.0.40219.1
Project("{FAE04EC0-301F-11D3-BF4B-00C04F79EFBC}") = "ProyectodeConsola", "ProyectodeConsola\ProyectodeConsola.csproj", "{CABBC460-8A44-4D7D-B206-ABECC5872550}"
EndProject
Project("{FAE04EC0-301F-11D3-BF4B-00C04F79EFBC}") = "ProyectoConsola", "ProyectoConsola\ProyectoConsola.csproj", "{C357F503-117C-47B8-8E68-204F2D580D46}"
EndProject
Global
	GlobalSection(SolutionConfigurationPlatforms) = preSolution
		Debug|Any CPU = Debug|Any CPU
		Release|Any CPU = Release|Any CPU
	EndGlobalSection
	GlobalSection(ProjectConfigurationPlatforms) = postSolution
		{CABBC460-8A44-4D7D-B206-ABECC5872550}.Debug|Any CPU.ActiveCfg = Debug|Any CPU
		{CABBC460-8A44-4D7D-B206-ABECC5872550}.Debug|Any CPU.Build.0 = Debug|Any CPU
		{CABBC460-8A44-4D7D-B206-ABECC5872550}.Release|Any CPU.ActiveCfg = Release|Any CPU
		{CABBC460-8A44-4D7D-B206-ABECC5872550}.Release|Any CPU.Build.0 = Release|Any CPU
		{C357F503-117C-47B8-8E68-204F2D580D46}.Debug|Any CPU.ActiveCfg = Debug|Any CPU
		{C357F503-117C-47B8-8E68-204F2D580D46}.Debug|Any CPU.Build.0 = Debug|Any CPU
		{C357F503-117C-47B8-8E68-204F2D580D46}.Release|Any CPU.ActiveCfg = Release|Any CPU
		{C357F503-117C-47B8-8E68-204F2D580D46}.Release|Any CPU.Build.0 = Release|Any CPU
	EndGlobalSection
	GlobalSection(SolutionProperties) = preSolution
		HideSolutionNode = FALSE
	EndGlobalSection
	GlobalSection(ExtensibilityGlobals) = postSolution
		SolutionGuid = {854A7013-C98A-4D09-9738-B3FFA3221E00}
	EndGlobalSection
EndGlobal
